<?xml version="1.0" encoding="utf-8"?>
<Project ToolsVersion="4.0" xmlns="http://schemas.microsoft.com/developer/msbuild/2003">
  <ItemGroup>
    <Filter Include="problem">
      <UniqueIdentifier>{8d49ebd2-b633-4f83-9cd6-57205abff8d4}</UniqueIdentifier>
    </Filter>
    <Filter Include="definition">
      <UniqueIdentifier>{f0a71e4a-a038-4d58-9104-d8c653bb554c}</UniqueIdentifier>
    </Filter>
    <Filter Include="run">
      <UniqueIdentifier>{aa20e243-98c3-4925-a9c9-8c789029a3b8}</UniqueIdentifier>
    </Filter>
    <Filter Include="update_alg">
      <UniqueIdentifier>{b0b46586-8128-4939-a16c-0c84a22e2301}</UniqueIdentifier>
    </Filter>
    <Filter Include="model">
      <UniqueIdentifier>{541ca7f1-988f-4e2e-905d-01fbfbea3a91}</UniqueIdentifier>
    </Filter>
    <Filter Include="choose_alg">
      <UniqueIdentifier>{0e62576f-53b4-4d09-97f4-e0b6457e4a7d}</UniqueIdentifier>
    </Filter>
  </ItemGroup>
  <ItemGroup>
    <ClInclude Include="model\model_base.h">
      <Filter>model</Filter>
    </ClInclude>
    <ClInclude Include="model\simple_model.h">
      <Filter>model</Filter>
    </ClInclude>
    <ClInclude Include="problem\maze.h">
      <Filter>problem</Filter>
    </ClInclude>
    <ClInclude Include="definition\definition.h">
      <Filter>definition</Filter>
    </ClInclude>
    <ClInclude Include="problem\problem_base.h">
      <Filter>problem</Filter>
    </ClInclude>
    <ClInclude Include="model\base.h">
      <Filter>model</Filter>
    </ClInclude>
    <ClInclude Include="update_alg\updata_base.h">
      <Filter>update_alg</Filter>
    </ClInclude>
    <ClInclude Include="choose_alg\epsilon_greedy.h">
      <Filter>choose_alg</Filter>
    </ClInclude>
    <ClInclude Include="update_alg\td_update.h">
      <Filter>update_alg</Filter>
    </ClInclude>
    <ClInclude Include="problem\random_walk.h">
      <Filter>problem</Filter>
    </ClInclude>
  </ItemGroup>
  <ItemGroup>
    <ClCompile Include="problem\maze.cpp">
      <Filter>problem</Filter>
    </ClCompile>
    <ClCompile Include="run\main.cpp">
      <Filter>run</Filter>
    </ClCompile>
    <ClCompile Include="choose_alg\eplison_greedy.cpp">
      <Filter>choose_alg</Filter>
    </ClCompile>
    <ClCompile Include="problem\random_walk.cpp">
      <Filter>problem</Filter>
    </ClCompile>
  </ItemGroup>
</Project>